
Microsoft Visual Studio Solution File, Format Version 12.00
# Visual Studio Version 17
VisualStudioVersion = 17.6.33815.320
MinimumVisualStudioVersion = 10.0.40219.1
Project("{FAE04EC0-301F-11D3-BF4B-00C04F79EFBC}") = "Spark.Templates.Razor", "Spark.Templates.Razor.csproj", "{BF1045C8-32BD-46E1-BB48-FB931218EB1A}"
EndProject
Global
	GlobalSection(SolutionConfigurationPlatforms) = preSolution
		Debug|Any CPU = Debug|Any CPU
		Release|Any CPU = Release|Any CPU
	EndGlobalSection
	GlobalSection(ProjectConfigurationPlatforms) = postSolution
		{BF1045C8-32BD-46E1-BB48-FB931218EB1A}.Debug|Any CPU.ActiveCfg = Debug|Any CPU
		{BF1045C8-32BD-46E1-BB48-FB931218EB1A}.Debug|Any CPU.Build.0 = Debug|Any CPU
		{BF1045C8-32BD-46E1-BB48-FB931218EB1A}.Release|Any CPU.ActiveCfg = Release|Any CPU
		{BF1045C8-32BD-46E1-BB48-FB931218EB1A}.Release|Any CPU.Build.0 = Release|Any CPU
	EndGlobalSection
	GlobalSection(SolutionProperties) = preSolution
		HideSolutionNode = FALSE
	EndGlobalSection
	GlobalSection(ExtensibilityGlobals) = postSolution
		SolutionGuid = {98F18D88-689D-42D0-9D10-D6CDE86FC846}
	EndGlobalSection
EndGlobal
