
Microsoft Visual Studio Solution File, Format Version 12.00
# Visual Studio Version 17
VisualStudioVersion = 17.4.33122.133
MinimumVisualStudioVersion = 10.0.40219.1
Project("{9A19103F-16F7-4668-BE54-9A1E7A4F7556}") = "Spark.Templates.Blazor", "Spark.Templates.Blazor.csproj", "{AA94BB87-4C12-4C33-A4CF-9285FA56A6D4}"
EndProject
Project("{FAE04EC0-301F-11D3-BF4B-00C04F79EFBC}") = "Spark.Templates.Blazor.Tests", "Tests\Spark.Templates.Blazor.Tests.csproj", "{DDB96DC4-1DD1-45C0-AB86-6FECADEACEE9}"
EndProject
Global
	GlobalSection(SolutionConfigurationPlatforms) = preSolution
		Debug|Any CPU = Debug|Any CPU
		Release|Any CPU = Release|Any CPU
	EndGlobalSection
	GlobalSection(ProjectConfigurationPlatforms) = postSolution
		{AA94BB87-4C12-4C33-A4CF-9285FA56A6D4}.Debug|Any CPU.ActiveCfg = Debug|Any CPU
		{AA94BB87-4C12-4C33-A4CF-9285FA56A6D4}.Debug|Any CPU.Build.0 = Debug|Any CPU
		{AA94BB87-4C12-4C33-A4CF-9285FA56A6D4}.Release|Any CPU.ActiveCfg = Release|Any CPU
		{AA94BB87-4C12-4C33-A4CF-9285FA56A6D4}.Release|Any CPU.Build.0 = Release|Any CPU
		{DDB96DC4-1DD1-45C0-AB86-6FECADEACEE9}.Debug|Any CPU.ActiveCfg = Debug|Any CPU
		{DDB96DC4-1DD1-45C0-AB86-6FECADEACEE9}.Debug|Any CPU.Build.0 = Debug|Any CPU
		{DDB96DC4-1DD1-45C0-AB86-6FECADEACEE9}.Release|Any CPU.ActiveCfg = Release|Any CPU
		{DDB96DC4-1DD1-45C0-AB86-6FECADEACEE9}.Release|Any CPU.Build.0 = Release|Any CPU
	EndGlobalSection
	GlobalSection(SolutionProperties) = preSolution
		HideSolutionNode = FALSE
	EndGlobalSection
	GlobalSection(ExtensibilityGlobals) = postSolution
		SolutionGuid = {3190D3FA-6889-47F3-AA22-E1F2072EBC75}
	EndGlobalSection
EndGlobal
